
Microsoft Visual Studio Solution File, Format Version 12.00
# Visual Studio 15
VisualStudioVersion = 15.0.26124.0
MinimumVisualStudioVersion = 15.0.26124.0
Project("{F2A71F9B-5D33-465A-A702-920D77279786}") = "Example", "Example\Example.fsproj", "{E5577CBE-A116-44B1-9D72-2F7E78A02E3F}"
EndProject
Project("{F2A71F9B-5D33-465A-A702-920D77279786}") = "ExampleWithPlugin", "ExampleWithPlugin\ExampleWithPlugin.fsproj", "{A63C0870-0BCE-4B21-B8CF-D87EF5408F13}"
EndProject
Global
	GlobalSection(SolutionConfigurationPlatforms) = preSolution
		Debug|Any CPU = Debug|Any CPU
		Debug|x64 = Debug|x64
		Debug|x86 = Debug|x86
		Release|Any CPU = Release|Any CPU
		Release|x64 = Release|x64
		Release|x86 = Release|x86
	EndGlobalSection
	GlobalSection(SolutionProperties) = preSolution
		HideSolutionNode = FALSE
	EndGlobalSection
	GlobalSection(ProjectConfigurationPlatforms) = postSolution
		{E5577CBE-A116-44B1-9D72-2F7E78A02E3F}.Debug|Any CPU.ActiveCfg = Debug|Any CPU
		{E5577CBE-A116-44B1-9D72-2F7E78A02E3F}.Debug|Any CPU.Build.0 = Debug|Any CPU
		{E5577CBE-A116-44B1-9D72-2F7E78A02E3F}.Debug|x64.ActiveCfg = Debug|Any CPU
		{E5577CBE-A116-44B1-9D72-2F7E78A02E3F}.Debug|x64.Build.0 = Debug|Any CPU
		{E5577CBE-A116-44B1-9D72-2F7E78A02E3F}.Debug|x86.ActiveCfg = Debug|Any CPU
		{E5577CBE-A116-44B1-9D72-2F7E78A02E3F}.Debug|x86.Build.0 = Debug|Any CPU
		{E5577CBE-A116-44B1-9D72-2F7E78A02E3F}.Release|Any CPU.ActiveCfg = Release|Any CPU
		{E5577CBE-A116-44B1-9D72-2F7E78A02E3F}.Release|Any CPU.Build.0 = Release|Any CPU
		{E5577CBE-A116-44B1-9D72-2F7E78A02E3F}.Release|x64.ActiveCfg = Release|Any CPU
		{E5577CBE-A116-44B1-9D72-2F7E78A02E3F}.Release|x64.Build.0 = Release|Any CPU
		{E5577CBE-A116-44B1-9D72-2F7E78A02E3F}.Release|x86.ActiveCfg = Release|Any CPU
		{E5577CBE-A116-44B1-9D72-2F7E78A02E3F}.Release|x86.Build.0 = Release|Any CPU
		{A63C0870-0BCE-4B21-B8CF-D87EF5408F13}.Debug|Any CPU.ActiveCfg = Debug|Any CPU
		{A63C0870-0BCE-4B21-B8CF-D87EF5408F13}.Debug|Any CPU.Build.0 = Debug|Any CPU
		{A63C0870-0BCE-4B21-B8CF-D87EF5408F13}.Debug|x64.ActiveCfg = Debug|Any CPU
		{A63C0870-0BCE-4B21-B8CF-D87EF5408F13}.Debug|x64.Build.0 = Debug|Any CPU
		{A63C0870-0BCE-4B21-B8CF-D87EF5408F13}.Debug|x86.ActiveCfg = Debug|Any CPU
		{A63C0870-0BCE-4B21-B8CF-D87EF5408F13}.Debug|x86.Build.0 = Debug|Any CPU
		{A63C0870-0BCE-4B21-B8CF-D87EF5408F13}.Release|Any CPU.ActiveCfg = Release|Any CPU
		{A63C0870-0BCE-4B21-B8CF-D87EF5408F13}.Release|Any CPU.Build.0 = Release|Any CPU
		{A63C0870-0BCE-4B21-B8CF-D87EF5408F13}.Release|x64.ActiveCfg = Release|Any CPU
		{A63C0870-0BCE-4B21-B8CF-D87EF5408F13}.Release|x64.Build.0 = Release|Any CPU
		{A63C0870-0BCE-4B21-B8CF-D87EF5408F13}.Release|x86.ActiveCfg = Release|Any CPU
		{A63C0870-0BCE-4B21-B8CF-D87EF5408F13}.Release|x86.Build.0 = Release|Any CPU
	EndGlobalSection
EndGlobal
