
Microsoft Visual Studio Solution File, Format Version 12.00
Project("{F2A71F9B-5D33-465A-A702-920D77279786}") = "myriad", "Myriad\myriad.fsproj", "{D8A79BFF-9C20-48DA-BE54-8C3DD9DF831B}"
EndProject
Project("{F2A71F9B-5D33-465A-A702-920D77279786}") = "Example", "Example\Example.fsproj", "{D03A7334-E87E-4C41-AE26-25A3B5D92856}"
EndProject
Global
	GlobalSection(SolutionConfigurationPlatforms) = preSolution
		Debug|Any CPU = Debug|Any CPU
		Release|Any CPU = Release|Any CPU
	EndGlobalSection
	GlobalSection(ProjectConfigurationPlatforms) = postSolution
		{D8A79BFF-9C20-48DA-BE54-8C3DD9DF831B}.Debug|Any CPU.ActiveCfg = Debug|Any CPU
		{D8A79BFF-9C20-48DA-BE54-8C3DD9DF831B}.Debug|Any CPU.Build.0 = Debug|Any CPU
		{D8A79BFF-9C20-48DA-BE54-8C3DD9DF831B}.Release|Any CPU.ActiveCfg = Release|Any CPU
		{D8A79BFF-9C20-48DA-BE54-8C3DD9DF831B}.Release|Any CPU.Build.0 = Release|Any CPU
		{D03A7334-E87E-4C41-AE26-25A3B5D92856}.Debug|Any CPU.ActiveCfg = Debug|Any CPU
		{D03A7334-E87E-4C41-AE26-25A3B5D92856}.Debug|Any CPU.Build.0 = Debug|Any CPU
		{D03A7334-E87E-4C41-AE26-25A3B5D92856}.Release|Any CPU.ActiveCfg = Release|Any CPU
		{D03A7334-E87E-4C41-AE26-25A3B5D92856}.Release|Any CPU.Build.0 = Release|Any CPU
	EndGlobalSection
EndGlobal
